
Microsoft Visual Studio Solution File, Format Version 12.00
# Visual Studio Version 17
VisualStudioVersion = 17.5.002.0
MinimumVisualStudioVersion = 10.0.40219.1
Project("{9A19103F-16F7-4668-BE54-9A1E7A4F7556}") = "kalkulator", "kalkulator\kalkulator.csproj", "{61DFA86B-934D-4C95-AA6E-E6D26E6E87CE}"
EndProject
Project("{9A19103F-16F7-4668-BE54-9A1E7A4F7556}") = "login", "login\login.csproj", "{29C6A866-FB6D-4D00-83B0-B0E60B8C8D3A}"
EndProject
Project("{9A19103F-16F7-4668-BE54-9A1E7A4F7556}") = "projekt1", "projekt1\projekt1.csproj", "{40D6AD3E-555A-453B-912B-DBEACC64FFEB}"
EndProject
Global
	GlobalSection(SolutionConfigurationPlatforms) = preSolution
		Debug|Any CPU = Debug|Any CPU
		Release|Any CPU = Release|Any CPU
	EndGlobalSection
	GlobalSection(ProjectConfigurationPlatforms) = postSolution
		{61DFA86B-934D-4C95-AA6E-E6D26E6E87CE}.Debug|Any CPU.ActiveCfg = Debug|Any CPU
		{61DFA86B-934D-4C95-AA6E-E6D26E6E87CE}.Debug|Any CPU.Build.0 = Debug|Any CPU
		{61DFA86B-934D-4C95-AA6E-E6D26E6E87CE}.Release|Any CPU.ActiveCfg = Release|Any CPU
		{61DFA86B-934D-4C95-AA6E-E6D26E6E87CE}.Release|Any CPU.Build.0 = Release|Any CPU
		{29C6A866-FB6D-4D00-83B0-B0E60B8C8D3A}.Debug|Any CPU.ActiveCfg = Debug|Any CPU
		{29C6A866-FB6D-4D00-83B0-B0E60B8C8D3A}.Debug|Any CPU.Build.0 = Debug|Any CPU
		{29C6A866-FB6D-4D00-83B0-B0E60B8C8D3A}.Release|Any CPU.ActiveCfg = Release|Any CPU
		{29C6A866-FB6D-4D00-83B0-B0E60B8C8D3A}.Release|Any CPU.Build.0 = Release|Any CPU
		{40D6AD3E-555A-453B-912B-DBEACC64FFEB}.Debug|Any CPU.ActiveCfg = Debug|Any CPU
		{40D6AD3E-555A-453B-912B-DBEACC64FFEB}.Debug|Any CPU.Build.0 = Debug|Any CPU
		{40D6AD3E-555A-453B-912B-DBEACC64FFEB}.Release|Any CPU.ActiveCfg = Release|Any CPU
		{40D6AD3E-555A-453B-912B-DBEACC64FFEB}.Release|Any CPU.Build.0 = Release|Any CPU
	EndGlobalSection
	GlobalSection(SolutionProperties) = preSolution
		HideSolutionNode = FALSE
	EndGlobalSection
	GlobalSection(ExtensibilityGlobals) = postSolution
		SolutionGuid = {8CB2251E-B47A-4BDE-ABE7-1201983759FC}
	EndGlobalSection
EndGlobal
